
Microsoft Visual Studio Solution File, Format Version 12.00
# Visual Studio Version 17
VisualStudioVersion = 17.3.32804.467
MinimumVisualStudioVersion = 10.0.40219.1
Project("{FAE04EC0-301F-11D3-BF4B-00C04F79EFBC}") = "hesapmakinesi", "hesapmakinesi\hesapmakinesi.csproj", "{9A1D1B35-5295-4744-B22D-3CF38FE26BEF}"
EndProject
Global
	GlobalSection(SolutionConfigurationPlatforms) = preSolution
		Debug|Any CPU = Debug|Any CPU
		Release|Any CPU = Release|Any CPU
	EndGlobalSection
	GlobalSection(ProjectConfigurationPlatforms) = postSolution
		{9A1D1B35-5295-4744-B22D-3CF38FE26BEF}.Debug|Any CPU.ActiveCfg = Debug|Any CPU
		{9A1D1B35-5295-4744-B22D-3CF38FE26BEF}.Debug|Any CPU.Build.0 = Debug|Any CPU
		{9A1D1B35-5295-4744-B22D-3CF38FE26BEF}.Release|Any CPU.ActiveCfg = Release|Any CPU
		{9A1D1B35-5295-4744-B22D-3CF38FE26BEF}.Release|Any CPU.Build.0 = Release|Any CPU
	EndGlobalSection
	GlobalSection(SolutionProperties) = preSolution
		HideSolutionNode = FALSE
	EndGlobalSection
	GlobalSection(ExtensibilityGlobals) = postSolution
		SolutionGuid = {674254C1-10F9-491C-9E30-686B7483A504}
	EndGlobalSection
EndGlobal
